
Microsoft Visual Studio Solution File, Format Version 12.00
# Visual Studio Version 17
VisualStudioVersion = 17.14.36429.23
MinimumVisualStudioVersion = 10.0.40219.1
Project("{FAE04EC0-301F-11D3-BF4B-00C04F79EFBC}") = "Assignment_day06", "Assignment_day06\Assignment_day06.csproj", "{81C97908-DF99-4073-8971-289D4F0598AF}"
EndProject
Global
	GlobalSection(SolutionConfigurationPlatforms) = preSolution
		Debug|Any CPU = Debug|Any CPU
		Release|Any CPU = Release|Any CPU
	EndGlobalSection
	GlobalSection(ProjectConfigurationPlatforms) = postSolution
		{81C97908-DF99-4073-8971-289D4F0598AF}.Debug|Any CPU.ActiveCfg = Debug|Any CPU
		{81C97908-DF99-4073-8971-289D4F0598AF}.Debug|Any CPU.Build.0 = Debug|Any CPU
		{81C97908-DF99-4073-8971-289D4F0598AF}.Release|Any CPU.ActiveCfg = Release|Any CPU
		{81C97908-DF99-4073-8971-289D4F0598AF}.Release|Any CPU.Build.0 = Release|Any CPU
	EndGlobalSection
	GlobalSection(SolutionProperties) = preSolution
		HideSolutionNode = FALSE
	EndGlobalSection
	GlobalSection(ExtensibilityGlobals) = postSolution
		SolutionGuid = {F5FB4D5A-F8C5-48FB-B925-92234A41BDEE}
	EndGlobalSection
EndGlobal
